{
  "lib/aave-v3-origin": {
    "tag": {
      "name": "v3.5.0",
      "rev": "6138e1fda45884b6547d094a1ddeef43dcab4977"
    }
  },
  "lib/forge-std": {
    "rev": "77041d2ce690e692d6e03cc812b57d1ddaa4d505"
  },
  "lib/openzeppelin-contracts": {
    "rev": "c64a1edb67b6e3f4a15cca8909c9482ad33a02b0"
  }
}